
Microsoft Visual Studio Solution File, Format Version 12.00
# Visual Studio 2013
VisualStudioVersion = 12.0.30501.0
MinimumVisualStudioVersion = 10.0.40219.1
Project("{FAE04EC0-301F-11D3-BF4B-00C04F79EFBC}") = "kftp-client", "kftp-client\kftp-client.csproj", "{E36AF39E-BF92-43E0-8954-877461A2ABAD}"
EndProject
Global
	GlobalSection(SolutionConfigurationPlatforms) = preSolution
		Debug|Any CPU = Debug|Any CPU
		Release|Any CPU = Release|Any CPU
	EndGlobalSection
	GlobalSection(ProjectConfigurationPlatforms) = postSolution
		{E36AF39E-BF92-43E0-8954-877461A2ABAD}.Debug|Any CPU.ActiveCfg = Debug|Any CPU
		{E36AF39E-BF92-43E0-8954-877461A2ABAD}.Debug|Any CPU.Build.0 = Debug|Any CPU
		{E36AF39E-BF92-43E0-8954-877461A2ABAD}.Release|Any CPU.ActiveCfg = Release|Any CPU
		{E36AF39E-BF92-43E0-8954-877461A2ABAD}.Release|Any CPU.Build.0 = Release|Any CPU
	EndGlobalSection
	GlobalSection(SolutionProperties) = preSolution
		HideSolutionNode = FALSE
	EndGlobalSection
EndGlobal
